{
  "originHash" : "82929ac70444b088e4888802504e4569aaedb14741dff1d7fec6eb349375ea6d",
  "pins" : [
    {
      "identity" : "bebop-next",
      "kind" : "remoteSourceControl",
      "location" : "https://github.com/6over3/bebop-next",
      "state" : {
        "branch" : "rpc",
        "revision" : "3fad322cc65f4ec5a7c45c7daa3799b12d7f92f1"
      }
    },
    {
      "identity" : "libexif",
      "kind" : "remoteSourceControl",
      "location" : "https://github.com/6over3/libexif",
      "state" : {
        "branch" : "main",
        "revision" : "ab6b74d4f9764971e3caa40c7d5d8df05795c605"
      }
    }
  ],
  "version" : 3
}
