{
  "originHash" : "f4c8083d5290c2e798f9113e098758b86df69150e1ba1fb60cd3dbd998a9c379",
  "pins" : [
    {
      "identity" : "libexif",
      "kind" : "remoteSourceControl",
      "location" : "https://github.com/6over3/libexif",
      "state" : {
        "branch" : "main",
        "revision" : "ab6b74d4f9764971e3caa40c7d5d8df05795c605"
      }
    }
  ],
  "version" : 3
}
