{
  "originHash" : "e9f9c08e10af99fa1bcfd957e9131ff4351124d3114b72b6540dd99a4297d00c",
  "pins" : [
    {
      "identity" : "bebop-next",
      "kind" : "remoteSourceControl",
      "location" : "https://github.com/6over3/bebop-next",
      "state" : {
        "branch" : "main",
        "revision" : "0a2e3e1a549c8f72d7724489cb6dfe9ca95cd67e"
      }
    },
    {
      "identity" : "libexif",
      "kind" : "remoteSourceControl",
      "location" : "https://github.com/6over3/libexif",
      "state" : {
        "branch" : "main",
        "revision" : "ab6b74d4f9764971e3caa40c7d5d8df05795c605"
      }
    }
  ],
  "version" : 3
}
